
Microsoft Visual Studio Solution File, Format Version 12.00
# Visual Studio Version 17
VisualStudioVersion = 17.1.32228.430
MinimumVisualStudioVersion = 10.0.40219.1
Project("{FAE04EC0-301F-11D3-BF4B-00C04F79EFBC}") = "TryParse", "TryParse.csproj", "{E7437C3C-F53B-42A1-8CEE-1E29A7A582A6}"
EndProject
Global
	GlobalSection(SolutionConfigurationPlatforms) = preSolution
		Debug|Any CPU = Debug|Any CPU
		Release|Any CPU = Release|Any CPU
	EndGlobalSection
	GlobalSection(ProjectConfigurationPlatforms) = postSolution
		{E7437C3C-F53B-42A1-8CEE-1E29A7A582A6}.Debug|Any CPU.ActiveCfg = Debug|Any CPU
		{E7437C3C-F53B-42A1-8CEE-1E29A7A582A6}.Debug|Any CPU.Build.0 = Debug|Any CPU
		{E7437C3C-F53B-42A1-8CEE-1E29A7A582A6}.Release|Any CPU.ActiveCfg = Release|Any CPU
		{E7437C3C-F53B-42A1-8CEE-1E29A7A582A6}.Release|Any CPU.Build.0 = Release|Any CPU
	EndGlobalSection
	GlobalSection(SolutionProperties) = preSolution
		HideSolutionNode = FALSE
	EndGlobalSection
	GlobalSection(ExtensibilityGlobals) = postSolution
		SolutionGuid = {1BD79F61-5E8B-4F4D-8F28-6F4D54AB7719}
	EndGlobalSection
EndGlobal
