
Microsoft Visual Studio Solution File, Format Version 12.00
# Visual Studio Version 17
VisualStudioVersion = 17.1.32228.430
MinimumVisualStudioVersion = 10.0.40219.1
Project("{FAE04EC0-301F-11D3-BF4B-00C04F79EFBC}") = "CircleArea", "CircleArea.csproj", "{68E43336-2814-488E-B890-238323AADC68}"
EndProject
Global
	GlobalSection(SolutionConfigurationPlatforms) = preSolution
		Debug|Any CPU = Debug|Any CPU
		Release|Any CPU = Release|Any CPU
	EndGlobalSection
	GlobalSection(ProjectConfigurationPlatforms) = postSolution
		{68E43336-2814-488E-B890-238323AADC68}.Debug|Any CPU.ActiveCfg = Debug|Any CPU
		{68E43336-2814-488E-B890-238323AADC68}.Debug|Any CPU.Build.0 = Debug|Any CPU
		{68E43336-2814-488E-B890-238323AADC68}.Release|Any CPU.ActiveCfg = Release|Any CPU
		{68E43336-2814-488E-B890-238323AADC68}.Release|Any CPU.Build.0 = Release|Any CPU
	EndGlobalSection
	GlobalSection(SolutionProperties) = preSolution
		HideSolutionNode = FALSE
	EndGlobalSection
	GlobalSection(ExtensibilityGlobals) = postSolution
		SolutionGuid = {C6795052-A71A-47FA-9979-E6797737F91E}
	EndGlobalSection
EndGlobal
