
Microsoft Visual Studio Solution File, Format Version 12.00
# Visual Studio Version 17
VisualStudioVersion = 17.2.32630.192
MinimumVisualStudioVersion = 10.0.40219.1
Project("{FAE04EC0-301F-11D3-BF4B-00C04F79EFBC}") = "HigherLower", "HigherLower.csproj", "{FA96D9EB-B619-4CFE-986E-917CC77EAA7A}"
EndProject
Global
	GlobalSection(SolutionConfigurationPlatforms) = preSolution
		Debug|Any CPU = Debug|Any CPU
		Release|Any CPU = Release|Any CPU
	EndGlobalSection
	GlobalSection(ProjectConfigurationPlatforms) = postSolution
		{FA96D9EB-B619-4CFE-986E-917CC77EAA7A}.Debug|Any CPU.ActiveCfg = Debug|Any CPU
		{FA96D9EB-B619-4CFE-986E-917CC77EAA7A}.Debug|Any CPU.Build.0 = Debug|Any CPU
		{FA96D9EB-B619-4CFE-986E-917CC77EAA7A}.Release|Any CPU.ActiveCfg = Release|Any CPU
		{FA96D9EB-B619-4CFE-986E-917CC77EAA7A}.Release|Any CPU.Build.0 = Release|Any CPU
	EndGlobalSection
	GlobalSection(SolutionProperties) = preSolution
		HideSolutionNode = FALSE
	EndGlobalSection
	GlobalSection(ExtensibilityGlobals) = postSolution
		SolutionGuid = {1B39E052-21A1-42DA-9430-0008ED578CF3}
	EndGlobalSection
EndGlobal
