
Microsoft Visual Studio Solution File, Format Version 12.00
# Visual Studio Version 17
VisualStudioVersion = 17.1.32228.430
MinimumVisualStudioVersion = 10.0.40219.1
Project("{FAE04EC0-301F-11D3-BF4B-00C04F79EFBC}") = "Factors", "Factors.csproj", "{00277CDF-A880-4007-9CB8-3BAA88AD2134}"
EndProject
Global
	GlobalSection(SolutionConfigurationPlatforms) = preSolution
		Debug|Any CPU = Debug|Any CPU
		Release|Any CPU = Release|Any CPU
	EndGlobalSection
	GlobalSection(ProjectConfigurationPlatforms) = postSolution
		{00277CDF-A880-4007-9CB8-3BAA88AD2134}.Debug|Any CPU.ActiveCfg = Debug|Any CPU
		{00277CDF-A880-4007-9CB8-3BAA88AD2134}.Debug|Any CPU.Build.0 = Debug|Any CPU
		{00277CDF-A880-4007-9CB8-3BAA88AD2134}.Release|Any CPU.ActiveCfg = Release|Any CPU
		{00277CDF-A880-4007-9CB8-3BAA88AD2134}.Release|Any CPU.Build.0 = Release|Any CPU
	EndGlobalSection
	GlobalSection(SolutionProperties) = preSolution
		HideSolutionNode = FALSE
	EndGlobalSection
	GlobalSection(ExtensibilityGlobals) = postSolution
		SolutionGuid = {D74BAB60-831C-4B0B-A737-D958E7537442}
	EndGlobalSection
EndGlobal
