
Microsoft Visual Studio Solution File, Format Version 12.00
# Visual Studio Version 17
VisualStudioVersion = 17.2.32630.192
MinimumVisualStudioVersion = 10.0.40219.1
Project("{FAE04EC0-301F-11D3-BF4B-00C04F79EFBC}") = "CommentsFirstVariable", "CommentsFirstVariable.csproj", "{ADFE1395-825E-488E-95EE-7C6BDE601DFA}"
EndProject
Global
	GlobalSection(SolutionConfigurationPlatforms) = preSolution
		Debug|Any CPU = Debug|Any CPU
		Release|Any CPU = Release|Any CPU
	EndGlobalSection
	GlobalSection(ProjectConfigurationPlatforms) = postSolution
		{ADFE1395-825E-488E-95EE-7C6BDE601DFA}.Debug|Any CPU.ActiveCfg = Debug|Any CPU
		{ADFE1395-825E-488E-95EE-7C6BDE601DFA}.Debug|Any CPU.Build.0 = Debug|Any CPU
		{ADFE1395-825E-488E-95EE-7C6BDE601DFA}.Release|Any CPU.ActiveCfg = Release|Any CPU
		{ADFE1395-825E-488E-95EE-7C6BDE601DFA}.Release|Any CPU.Build.0 = Release|Any CPU
	EndGlobalSection
	GlobalSection(SolutionProperties) = preSolution
		HideSolutionNode = FALSE
	EndGlobalSection
	GlobalSection(ExtensibilityGlobals) = postSolution
		SolutionGuid = {F08FC2F4-7602-4E0D-B556-F06CD8E01890}
	EndGlobalSection
EndGlobal
