
Microsoft Visual Studio Solution File, Format Version 12.00
# Visual Studio Version 17
VisualStudioVersion = 17.1.32228.430
MinimumVisualStudioVersion = 10.0.40219.1
Project("{FAE04EC0-301F-11D3-BF4B-00C04F79EFBC}") = "IsItAVowel", "IsItAVowel.csproj", "{2F135F01-025C-43E8-9342-A4B332B8B355}"
EndProject
Global
	GlobalSection(SolutionConfigurationPlatforms) = preSolution
		Debug|Any CPU = Debug|Any CPU
		Release|Any CPU = Release|Any CPU
	EndGlobalSection
	GlobalSection(ProjectConfigurationPlatforms) = postSolution
		{2F135F01-025C-43E8-9342-A4B332B8B355}.Debug|Any CPU.ActiveCfg = Debug|Any CPU
		{2F135F01-025C-43E8-9342-A4B332B8B355}.Debug|Any CPU.Build.0 = Debug|Any CPU
		{2F135F01-025C-43E8-9342-A4B332B8B355}.Release|Any CPU.ActiveCfg = Release|Any CPU
		{2F135F01-025C-43E8-9342-A4B332B8B355}.Release|Any CPU.Build.0 = Release|Any CPU
	EndGlobalSection
	GlobalSection(SolutionProperties) = preSolution
		HideSolutionNode = FALSE
	EndGlobalSection
	GlobalSection(ExtensibilityGlobals) = postSolution
		SolutionGuid = {A50F90F0-D47B-43D3-A7B1-E8AC793CC220}
	EndGlobalSection
EndGlobal
