
Microsoft Visual Studio Solution File, Format Version 12.00
# Visual Studio Version 17
VisualStudioVersion = 17.7.34031.279
MinimumVisualStudioVersion = 10.0.40219.1
Project("{FAE04EC0-301F-11D3-BF4B-00C04F79EFBC}") = "ParsingStrings", "ParsingStrings.csproj", "{90C34AE4-D7B0-4632-B4BF-831E684D4C20}"
EndProject
Global
	GlobalSection(SolutionConfigurationPlatforms) = preSolution
		Debug|Any CPU = Debug|Any CPU
		Release|Any CPU = Release|Any CPU
	EndGlobalSection
	GlobalSection(ProjectConfigurationPlatforms) = postSolution
		{90C34AE4-D7B0-4632-B4BF-831E684D4C20}.Debug|Any CPU.ActiveCfg = Debug|Any CPU
		{90C34AE4-D7B0-4632-B4BF-831E684D4C20}.Debug|Any CPU.Build.0 = Debug|Any CPU
		{90C34AE4-D7B0-4632-B4BF-831E684D4C20}.Release|Any CPU.ActiveCfg = Release|Any CPU
		{90C34AE4-D7B0-4632-B4BF-831E684D4C20}.Release|Any CPU.Build.0 = Release|Any CPU
	EndGlobalSection
	GlobalSection(SolutionProperties) = preSolution
		HideSolutionNode = FALSE
	EndGlobalSection
	GlobalSection(ExtensibilityGlobals) = postSolution
		SolutionGuid = {F6A52DFB-4B22-4E5E-BDFD-755F6DBBDAC2}
	EndGlobalSection
EndGlobal
